
Microsoft Visual Studio Solution File, Format Version 12.00
# Visual Studio Version 16
VisualStudioVersion = 16.0.29409.12
MinimumVisualStudioVersion = 10.0.40219.1
Project("{FAE04EC0-301F-11D3-BF4B-00C04F79EFBC}") = "ConsoleApp1", "ConsoleApp1\ConsoleApp1.csproj", "{858D023E-4FB0-49B4-B450-7022391DF24A}"
EndProject
Global
	GlobalSection(SolutionConfigurationPlatforms) = preSolution
		Debug|Any CPU = Debug|Any CPU
		Release|Any CPU = Release|Any CPU
	EndGlobalSection
	GlobalSection(ProjectConfigurationPlatforms) = postSolution
		{858D023E-4FB0-49B4-B450-7022391DF24A}.Debug|Any CPU.ActiveCfg = Debug|Any CPU
		{858D023E-4FB0-49B4-B450-7022391DF24A}.Debug|Any CPU.Build.0 = Debug|Any CPU
		{858D023E-4FB0-49B4-B450-7022391DF24A}.Release|Any CPU.ActiveCfg = Release|Any CPU
		{858D023E-4FB0-49B4-B450-7022391DF24A}.Release|Any CPU.Build.0 = Release|Any CPU
	EndGlobalSection
	GlobalSection(SolutionProperties) = preSolution
		HideSolutionNode = FALSE
	EndGlobalSection
	GlobalSection(ExtensibilityGlobals) = postSolution
		SolutionGuid = {6858227C-9174-4177-A7DE-B64F7B665299}
	EndGlobalSection
EndGlobal
